
Microsoft Visual Studio Solution File, Format Version 12.00
# Visual Studio Version 17
VisualStudioVersion = 17.3.32929.385
MinimumVisualStudioVersion = 10.0.40219.1
Project("{9A19103F-16F7-4668-BE54-9A1E7A4F7556}") = "ConsoleUI", "DropShopping-BackEnd\ConsoleUI.csproj", "{7443069E-0FAF-42BF-B5BA-5D1B34103C3F}"
EndProject
Project("{FAE04EC0-301F-11D3-BF4B-00C04F79EFBC}") = "Business", "Business\Business.csproj", "{201FF2B6-37A1-4BB8-BEF4-BA87C70D9940}"
EndProject
Project("{FAE04EC0-301F-11D3-BF4B-00C04F79EFBC}") = "Entities", "Entities\Entities.csproj", "{5C895AA4-82DD-4297-8A50-A1531C3FD9A7}"
EndProject
Project("{FAE04EC0-301F-11D3-BF4B-00C04F79EFBC}") = "Core", "Core\Core.csproj", "{67E02567-1A4D-4DAE-B0E1-4354D3E512BA}"
EndProject
Project("{FAE04EC0-301F-11D3-BF4B-00C04F79EFBC}") = "DataAccess", "DataAccess\DataAccess.csproj", "{75A3C7CE-0EBB-455B-A849-80737B72F127}"
EndProject
Project("{FAE04EC0-301F-11D3-BF4B-00C04F79EFBC}") = "WebAPI", "WebAPI\WebAPI.csproj", "{F2B74E31-3726-47EE-9CB6-8EEE7D94BA5D}"
EndProject
Global
	GlobalSection(SolutionConfigurationPlatforms) = preSolution
		Debug|Any CPU = Debug|Any CPU
		Release|Any CPU = Release|Any CPU
	EndGlobalSection
	GlobalSection(ProjectConfigurationPlatforms) = postSolution
		{7443069E-0FAF-42BF-B5BA-5D1B34103C3F}.Debug|Any CPU.ActiveCfg = Debug|Any CPU
		{7443069E-0FAF-42BF-B5BA-5D1B34103C3F}.Debug|Any CPU.Build.0 = Debug|Any CPU
		{7443069E-0FAF-42BF-B5BA-5D1B34103C3F}.Release|Any CPU.ActiveCfg = Release|Any CPU
		{7443069E-0FAF-42BF-B5BA-5D1B34103C3F}.Release|Any CPU.Build.0 = Release|Any CPU
		{201FF2B6-37A1-4BB8-BEF4-BA87C70D9940}.Debug|Any CPU.ActiveCfg = Debug|Any CPU
		{201FF2B6-37A1-4BB8-BEF4-BA87C70D9940}.Debug|Any CPU.Build.0 = Debug|Any CPU
		{201FF2B6-37A1-4BB8-BEF4-BA87C70D9940}.Release|Any CPU.ActiveCfg = Release|Any CPU
		{201FF2B6-37A1-4BB8-BEF4-BA87C70D9940}.Release|Any CPU.Build.0 = Release|Any CPU
		{5C895AA4-82DD-4297-8A50-A1531C3FD9A7}.Debug|Any CPU.ActiveCfg = Debug|Any CPU
		{5C895AA4-82DD-4297-8A50-A1531C3FD9A7}.Debug|Any CPU.Build.0 = Debug|Any CPU
		{5C895AA4-82DD-4297-8A50-A1531C3FD9A7}.Release|Any CPU.ActiveCfg = Release|Any CPU
		{5C895AA4-82DD-4297-8A50-A1531C3FD9A7}.Release|Any CPU.Build.0 = Release|Any CPU
		{67E02567-1A4D-4DAE-B0E1-4354D3E512BA}.Debug|Any CPU.ActiveCfg = Debug|Any CPU
		{67E02567-1A4D-4DAE-B0E1-4354D3E512BA}.Debug|Any CPU.Build.0 = Debug|Any CPU
		{67E02567-1A4D-4DAE-B0E1-4354D3E512BA}.Release|Any CPU.ActiveCfg = Release|Any CPU
		{67E02567-1A4D-4DAE-B0E1-4354D3E512BA}.Release|Any CPU.Build.0 = Release|Any CPU
		{75A3C7CE-0EBB-455B-A849-80737B72F127}.Debug|Any CPU.ActiveCfg = Debug|Any CPU
		{75A3C7CE-0EBB-455B-A849-80737B72F127}.Debug|Any CPU.Build.0 = Debug|Any CPU
		{75A3C7CE-0EBB-455B-A849-80737B72F127}.Release|Any CPU.ActiveCfg = Release|Any CPU
		{75A3C7CE-0EBB-455B-A849-80737B72F127}.Release|Any CPU.Build.0 = Release|Any CPU
		{F2B74E31-3726-47EE-9CB6-8EEE7D94BA5D}.Debug|Any CPU.ActiveCfg = Debug|Any CPU
		{F2B74E31-3726-47EE-9CB6-8EEE7D94BA5D}.Debug|Any CPU.Build.0 = Debug|Any CPU
		{F2B74E31-3726-47EE-9CB6-8EEE7D94BA5D}.Release|Any CPU.ActiveCfg = Release|Any CPU
		{F2B74E31-3726-47EE-9CB6-8EEE7D94BA5D}.Release|Any CPU.Build.0 = Release|Any CPU
	EndGlobalSection
	GlobalSection(SolutionProperties) = preSolution
		HideSolutionNode = FALSE
	EndGlobalSection
	GlobalSection(ExtensibilityGlobals) = postSolution
		SolutionGuid = {61079637-741A-41BA-BF2A-FE65AB30026F}
	EndGlobalSection
EndGlobal
